
Microsoft Visual Studio Solution File, Format Version 12.00
# Visual Studio Version 16
VisualStudioVersion = 16.0.30804.86
MinimumVisualStudioVersion = 10.0.40219.1
Project("{FAE04EC0-301F-11D3-BF4B-00C04F79EFBC}") = "PryUserArellanoVFAG", "PryUserArellanoVFAG\PryUserArellanoVFAG.csproj", "{78094C9D-4909-4F2B-BD4C-621A73E9C92C}"
EndProject
Global
	GlobalSection(SolutionConfigurationPlatforms) = preSolution
		Debug|Any CPU = Debug|Any CPU
		Release|Any CPU = Release|Any CPU
	EndGlobalSection
	GlobalSection(ProjectConfigurationPlatforms) = postSolution
		{78094C9D-4909-4F2B-BD4C-621A73E9C92C}.Debug|Any CPU.ActiveCfg = Debug|Any CPU
		{78094C9D-4909-4F2B-BD4C-621A73E9C92C}.Debug|Any CPU.Build.0 = Debug|Any CPU
		{78094C9D-4909-4F2B-BD4C-621A73E9C92C}.Release|Any CPU.ActiveCfg = Release|Any CPU
		{78094C9D-4909-4F2B-BD4C-621A73E9C92C}.Release|Any CPU.Build.0 = Release|Any CPU
	EndGlobalSection
	GlobalSection(SolutionProperties) = preSolution
		HideSolutionNode = FALSE
	EndGlobalSection
	GlobalSection(ExtensibilityGlobals) = postSolution
		SolutionGuid = {11FA49E7-A54B-4FBF-8DB7-C7795A477506}
	EndGlobalSection
EndGlobal
